
Microsoft Visual Studio Solution File, Format Version 12.00
# Visual Studio Version 17
VisualStudioVersion = 17.2.32616.157
MinimumVisualStudioVersion = 10.0.40219.1
Project("{FAE04EC0-301F-11D3-BF4B-00C04F79EFBC}") = "IntroMVC", "IntroMVC\IntroMVC.csproj", "{565B0BDE-7E69-4B00-AD9D-C19B31A630FD}"
EndProject
Global
	GlobalSection(SolutionConfigurationPlatforms) = preSolution
		Debug|Any CPU = Debug|Any CPU
		Release|Any CPU = Release|Any CPU
	EndGlobalSection
	GlobalSection(ProjectConfigurationPlatforms) = postSolution
		{565B0BDE-7E69-4B00-AD9D-C19B31A630FD}.Debug|Any CPU.ActiveCfg = Debug|Any CPU
		{565B0BDE-7E69-4B00-AD9D-C19B31A630FD}.Debug|Any CPU.Build.0 = Debug|Any CPU
		{565B0BDE-7E69-4B00-AD9D-C19B31A630FD}.Release|Any CPU.ActiveCfg = Release|Any CPU
		{565B0BDE-7E69-4B00-AD9D-C19B31A630FD}.Release|Any CPU.Build.0 = Release|Any CPU
	EndGlobalSection
	GlobalSection(SolutionProperties) = preSolution
		HideSolutionNode = FALSE
	EndGlobalSection
	GlobalSection(ExtensibilityGlobals) = postSolution
		SolutionGuid = {EBCD1F5C-192F-4854-A08E-F396E93FA574}
	EndGlobalSection
EndGlobal
