
Microsoft Visual Studio Solution File, Format Version 12.00
# Visual Studio Version 17
VisualStudioVersion = 17.2.32616.157
MinimumVisualStudioVersion = 10.0.40219.1
Project("{FAE04EC0-301F-11D3-BF4B-00C04F79EFBC}") = "Utility", "Utility\Utility.csproj", "{5C02B2FA-E48B-46BD-A484-B670D89A0F8F}"
EndProject
Global
	GlobalSection(SolutionConfigurationPlatforms) = preSolution
		Debug|Any CPU = Debug|Any CPU
		Release|Any CPU = Release|Any CPU
	EndGlobalSection
	GlobalSection(ProjectConfigurationPlatforms) = postSolution
		{5C02B2FA-E48B-46BD-A484-B670D89A0F8F}.Debug|Any CPU.ActiveCfg = Debug|Any CPU
		{5C02B2FA-E48B-46BD-A484-B670D89A0F8F}.Debug|Any CPU.Build.0 = Debug|Any CPU
		{5C02B2FA-E48B-46BD-A484-B670D89A0F8F}.Release|Any CPU.ActiveCfg = Release|Any CPU
		{5C02B2FA-E48B-46BD-A484-B670D89A0F8F}.Release|Any CPU.Build.0 = Release|Any CPU
	EndGlobalSection
	GlobalSection(SolutionProperties) = preSolution
		HideSolutionNode = FALSE
	EndGlobalSection
	GlobalSection(ExtensibilityGlobals) = postSolution
		SolutionGuid = {2003BA62-752C-465A-A74E-743D522C9E8F}
	EndGlobalSection
EndGlobal
